{
  "name": "intension-console-ui",
  "version": "0.0.1",
  "lockfileVersion": 1,
  "requires": true,
  "dependencies": {
    "intension-can-interact-with-user": {
      "version": "0.0.6",
      "resolved": "https://registry.npmjs.org/intension-can-interact-with-user/-/intension-can-interact-with-user-0.0.6.tgz",
      "integrity": "sha512-YMZURg4uiKGJIVLEj/pT+1jf4USXchdg2Z4201uLgw6MJiBnLo/Tvn/Y1PBZFk9TWtXh3gwM9uPg7QUg4XvStw==",
      "requires": {
        "intension-storage": "*"
      }
    },
    "intension-storage": {
      "version": "0.0.5",
      "resolved": "https://registry.npmjs.org/intension-storage/-/intension-storage-0.0.5.tgz",
      "integrity": "sha512-RdHYayNAxa6zAz8WoFTYtE2RiA5MGzD74VuoafLnJyTmNNHkHzeM2e2zVcvWfJQu/C8iVcThaI+mf7lBXVjrBw=="
    },
    "moment": {
      "version": "2.23.0",
      "resolved": "https://registry.npmjs.org/moment/-/moment-2.23.0.tgz",
      "integrity": "sha512-3IE39bHVqFbWWaPOMHZF98Q9c3LDKGTmypMiTM2QygGXXElkFWIH7GxfmlwmY2vwa+wmNsoYZmG2iusf1ZjJoA=="
    },
    "vue": {
      "version": "2.5.22",
      "resolved": "https://registry.npmjs.org/vue/-/vue-2.5.22.tgz",
      "integrity": "sha512-pxY3ZHlXNJMFQbkjEgGVMaMMkSV1ONpz+4qB55kZuJzyJOhn6MSy/YZdzhdnumegNzVTL/Dn3Pp4UrVBYt1j/g=="
    },
    "vue-router": {
      "version": "3.0.2",
      "resolved": "https://registry.npmjs.org/vue-router/-/vue-router-3.0.2.tgz",
      "integrity": "sha512-opKtsxjp9eOcFWdp6xLQPLmRGgfM932Tl56U9chYTnoWqKxQ8M20N7AkdEbM5beUh6wICoFGYugAX9vQjyJLFg=="
    }
  }
}
